lockfileVersion: '9.0'

settings:
  autoInstallPeers: true
  excludeLinksFromLockfile: false

importers:

  .:
    dependencies:
      '@modelcontextprotocol/server':
        specifier: latest
        version: 2.1.0
      zod:
        specifier: ^4.0.0
        version: 4.6.5

packages:

  '@modelcontextprotocol/core@2.1.0':
    resolution: {integrity: sha512-YdFj5gMRHr0gYNAhTbQDgjLHiEJdIAUYxomhKseUNye7ZGlISQmUoLh2sveFFCiQ7j2YMffT1kgSND0FSfIFjQ==}
    engines: {node: '>=20'}

  '@modelcontextprotocol/server@2.1.0':
    resolution: {integrity: sha512-FdvwZU5N03O77Suh35JqjAqq5R1ZTEPFtwu6N4BgBq28qrQtrCnpbLL5U2pwYCuE194jAw0xnlOVmIqhfoYuUQ==}
    engines: {node: '>=20'}

  zod@4.6.5:
    resolution: {integrity: sha512-v5l/aFXZQeai4awLbOpSoHecE9UiMrnfx75tEXLjNonXVARxQ5mOeipTjROUchszUNCqnE+hqAMujRsRHsut2Q==}

snapshots:

  '@modelcontextprotocol/core@2.1.0':
    dependencies:
      zod: 4.6.5

  '@modelcontextprotocol/server@2.1.0':
    dependencies:
      '@modelcontextprotocol/core': 2.1.0
      zod: 4.6.5

  zod@4.6.5: {}
